// !$*UTF8*$!
{
	archiveVersion = 1;
	classes = {
	};
	objectVersion = 48;
	objects = {

/* Begin PBXBuildFile section */
		CC614FDA1F8F63C7003E6326 /* PhotoCell.swift in Sources */ = {isa = PBXBuildFile; fileRef = CC614FD91F8F63C7003E6326 /* PhotoCell.swift */; };
		CCBB0C181F8CB38000C51F9A /* AppDelegate.swift in Sources */ = {isa = PBXBuildFile; fileRef = CCBB0C171F8CB38000C51F9A /* AppDelegate.swift */; };
		CCBB0C1A1F8CB38000C51F9A /* MapVC.swift in Sources */ = {isa = PBXBuildFile; fileRef = CCBB0C191F8CB38000C51F9A /* MapVC.swift */; };
		CCBB0C1D1F8CB38000C51F9A /* Main.storyboard in Resources */ = {isa = PBXBuildFile; fileRef = CCBB0C1B1F8CB38000C51F9A /* Main.storyboard */; };
		CCBB0C1F1F8CB38000C51F9A /* Assets.xcassets in Resources */ = {isa = PBXBuildFile; fileRef = CCBB0C1E1F8CB38000C51F9A /* Assets.xcassets */; };
		CCBB0C221F8CB38000C51F9A /* LaunchScreen.storyboard in Resources */ = {isa = PBXBuildFile; fileRef = CCBB0C201F8CB38000C51F9A /* LaunchScreen.storyboard */; };
		CCD7A5341F8E524D0011FD75 /* DroppablePin.swift in Sources */ = {isa = PBXBuildFile; fileRef = CCD7A5331F8E524D0011FD75 /* DroppablePin.swift */; };
		DD990FB45D9D6DC14763D2ED /* Pods_Tap_Map.framework in Frameworks */ = {isa = PBXBuildFile; fileRef = AF2D77937867CA1F5423FC9B /* Pods_Tap_Map.framework */; };
/* End PBXBuildFile section */

/* Begin PBXFileReference section */
		26094F2E5707B2BC7A56531E /* Pods-Tap-Map.release.xcconfig */ = {isa = PBXFileReference; includeInIndex = 1; lastKnownFileType = text.xcconfig; name = "Pods-Tap-Map.release.xcconfig"; path = "Pods/Target Support Files/Pods-Tap-Map/Pods-Tap-Map.release.xcconfig"; sourceTree = "<group>"; };
		7C593D7B1BBAE4AB61C05903 /* Pods-Tap-Map.debug.xcconfig */ = {isa = PBXFileReference; includeInIndex = 1; lastKnownFileType = text.xcconfig; name = "Pods-Tap-Map.debug.xcconfig"; path = "Pods/Target Support Files/Pods-Tap-Map/Pods-Tap-Map.debug.xcconfig"; sourceTree = "<group>"; };
		AF2D77937867CA1F5423FC9B /* Pods_Tap_Map.framework */ = {isa = PBXFileReference; explicitFileType = wrapper.framework; includeInIndex = 0; path = Pods_Tap_Map.framework; sourceTree = BUILT_PRODUCTS_DIR; };
		CC614FD91F8F63C7003E6326 /* PhotoCell.swift */ = {isa = PBXFileReference; lastKnownFileType = sourcecode.swift; path = PhotoCell.swift; sourceTree = "<group>"; };
		CCBB0C141F8CB38000C51F9A /* Tap-Map.app */ = {isa = PBXFileReference; explicitFileType = wrapper.application; includeInIndex = 0; path = "Tap-Map.app"; sourceTree = BUILT_PRODUCTS_DIR; };
		CCBB0C171F8CB38000C51F9A /* AppDelegate.swift */ = {isa = PBXFileReference; lastKnownFileType = sourcecode.swift; path = AppDelegate.swift; sourceTree = "<group>"; };
		CCBB0C191F8CB38000C51F9A /* MapVC.swift */ = {isa = PBXFileReference; lastKnownFileType = sourcecode.swift; path = MapVC.swift; sourceTree = "<group>"; };
		CCBB0C1C1F8CB38000C51F9A /* Base */ = {isa = PBXFileReference; lastKnownFileType = file.storyboard; name = Base; path = Base.lproj/Main.storyboard; sourceTree = "<group>"; };
		CCBB0C1E1F8CB38000C51F9A /* Assets.xcassets */ = {isa = PBXFileReference; lastKnownFileType = folder.assetcatalog; path = Assets.xcassets; sourceTree = "<group>"; };
		CCBB0C211F8CB38000C51F9A /* Base */ = {isa = PBXFileReference; lastKnownFileType = file.storyboard; name = Base; path = Base.lproj/LaunchScreen.storyboard; sourceTree = "<group>"; };
		CCBB0C231F8CB38000C51F9A /* Info.plist */ = {isa = PBXFileReference; lastKnownFileType = text.plist.xml; path = Info.plist; sourceTree = "<group>"; };
		CCD7A5331F8E524D0011FD75 /* DroppablePin.swift */ = {isa = PBXFileReference; lastKnownFileType = sourcecode.swift; path = DroppablePin.swift; sourceTree = "<group>"; };
/* End PBXFileReference section */

/* Begin PBXFrameworksBuildPhase section */
		CCBB0C111F8CB38000C51F9A /* Frameworks */ = {
			isa = PBXFrameworksBuildPhase;
			buildActionMask = 2147483647;
			files = (
				DD990FB45D9D6DC14763D2ED /* Pods_Tap_Map.framework in Frameworks */,
			);
			runOnlyForDeploymentPostprocessing = 0;
		};
/* End PBXFrameworksBuildPhase section */

/* Begin PBXGroup section */
		A5D2B4D6A3113ACF7E90E07A /* Pods */ = {
			isa = PBXGroup;
			children = (
				7C593D7B1BBAE4AB61C05903 /* Pods-Tap-Map.debug.xcconfig */,
				26094F2E5707B2BC7A56531E /* Pods-Tap-Map.release.xcconfig */,
			);
			name = Pods;
			sourceTree = "<group>";
		};
		CCBB0C0B1F8CB38000C51F9A = {
			isa = PBXGroup;
			children = (
				CCBB0C161F8CB38000C51F9A /* Tap-Map */,
				CCBB0C151F8CB38000C51F9A /* Products */,
				A5D2B4D6A3113ACF7E90E07A /* Pods */,
				E94CB1CEE6CA3EE4E90D5C99 /* Frameworks */,
			);
			sourceTree = "<group>";
		};
		CCBB0C151F8CB38000C51F9A /* Products */ = {
			isa = PBXGroup;
			children = (
				CCBB0C141F8CB38000C51F9A /* Tap-Map.app */,
			);
			name = Products;
			sourceTree = "<group>";
		};
		CCBB0C161F8CB38000C51F9A /* Tap-Map */ = {
			isa = PBXGroup;
			children = (
				CCD7A5321F8E523A0011FD75 /* View */,
				CCBB0C2A1F8CB39500C51F9A /* Controller */,
				CCBB0C171F8CB38000C51F9A /* AppDelegate.swift */,
				CCBB0C1B1F8CB38000C51F9A /* Main.storyboard */,
				CCBB0C1E1F8CB38000C51F9A /* Assets.xcassets */,
				CCBB0C201F8CB38000C51F9A /* LaunchScreen.storyboard */,
				CCBB0C231F8CB38000C51F9A /* Info.plist */,
			);
			path = "Tap-Map";
			sourceTree = "<group>";
		};
		CCBB0C2A1F8CB39500C51F9A /* Controller */ = {
			isa = PBXGroup;
			children = (
				CCBB0C191F8CB38000C51F9A /* MapVC.swift */,
			);
			path = Controller;
			sourceTree = "<group>";
		};
		CCD7A5321F8E523A0011FD75 /* View */ = {
			isa = PBXGroup;
			children = (
				CCD7A5331F8E524D0011FD75 /* DroppablePin.swift */,
				CC614FD91F8F63C7003E6326 /* PhotoCell.swift */,
			);
			path = View;
			sourceTree = "<group>";
		};
		E94CB1CEE6CA3EE4E90D5C99 /* Frameworks */ = {
			isa = PBXGroup;
			children = (
				AF2D77937867CA1F5423FC9B /* Pods_Tap_Map.framework */,
			);
			name = Frameworks;
			sourceTree = "<group>";
		};
/* End PBXGroup section */

/* Begin PBXNativeTarget section */
		CCBB0C131F8CB38000C51F9A /* Tap-Map */ = {
			isa = PBXNativeTarget;
			buildConfigurationList = CCBB0C261F8CB38000C51F9A /* Build configuration list for PBXNativeTarget "Tap-Map" */;
			buildPhases = (
				27E58C0FCF0F6A2984C6E96A /* [CP] Check Pods Manifest.lock */,
				CCBB0C101F8CB38000C51F9A /* Sources */,
				CCBB0C111F8CB38000C51F9A /* Frameworks */,
				CCBB0C121F8CB38000C51F9A /* Resources */,
				3B25E9C9812EF29AA6FBF75B /* [CP] Embed Pods Frameworks */,
				0233CEFBB71C38132C2B96D9 /* [CP] Copy Pods Resources */,
			);
			buildRules = (
			);
			dependencies = (
			);
			name = "Tap-Map";
			productName = "Tap-Map";
			productReference = CCBB0C141F8CB38000C51F9A /* Tap-Map.app */;
			productType = "com.apple.product-type.application";
		};
/* End PBXNativeTarget section */

/* Begin PBXProject section */
		CCBB0C0C1F8CB38000C51F9A /* Project object */ = {
			isa = PBXProject;
			attributes = {
				LastSwiftUpdateCheck = 0900;
				LastUpgradeCheck = 0900;
				ORGANIZATIONNAME = ios.Nomad;
				TargetAttributes = {
					CCBB0C131F8CB38000C51F9A = {
						CreatedOnToolsVersion = 9.0;
						ProvisioningStyle = Automatic;
					};
				};
			};
			buildConfigurationList = CCBB0C0F1F8CB38000C51F9A /* Build configuration list for PBXProject "Tap-Map" */;
			compatibilityVersion = "Xcode 8.0";
			developmentRegion = en;
			hasScannedForEncodings = 0;
			knownRegions = (
				en,
				Base,
			);
			mainGroup = CCBB0C0B1F8CB38000C51F9A;
			productRefGroup = CCBB0C151F8CB38000C51F9A /* Products */;
			projectDirPath = "";
			projectRoot = "";
			targets = (
				CCBB0C131F8CB38000C51F9A /* Tap-Map */,
			);
		};
/* End PBXProject section */

/* Begin PBXResourcesBuildPhase section */
		CCBB0C121F8CB38000C51F9A /* Resources */ = {
			isa = PBXResourcesBuildPhase;
			buildActionMask = 2147483647;
			files = (
				CCBB0C221F8CB38000C51F9A /* LaunchScreen.storyboard in Resources */,
				CCBB0C1F1F8CB38000C51F9A /* Assets.xcassets in Resources */,
				CCBB0C1D1F8CB38000C51F9A /* Main.storyboard in Resources */,
			);
			runOnlyForDeploymentPostprocessing = 0;
		};
/* End PBXResourcesBuildPhase section */

/* Begin PBXShellScriptBuildPhase section */
		0233CEFBB71C38132C2B96D9 /* [CP] Copy Pods Resources */ = {
			isa = PBXShellScriptBuildPhase;
			buildActionMask = 2147483647;
			files = (
			);
			inputPaths = (
			);
			name = "[CP] Copy Pods Resources";
			outputPaths = (
			);
			runOnlyForDeploymentPostprocessing = 0;
			shellPath = /bin/sh;
			shellScript = "\"${SRCROOT}/Pods/Target Support Files/Pods-Tap-Map/Pods-Tap-Map-resources.sh\"\n";
			showEnvVarsInLog = 0;
		};
		27E58C0FCF0F6A2984C6E96A /* [CP] Check Pods Manifest.lock */ = {
			isa = PBXShellScriptBuildPhase;
			buildActionMask = 2147483647;
			files = (
			);
			inputPaths = (
			);
			name = "[CP] Check Pods Manifest.lock";
			outputPaths = (
			);
			runOnlyForDeploymentPostprocessing = 0;
			shellPath = /bin/sh;
			shellScript = "diff \"${PODS_ROOT}/../Podfile.lock\" \"${PODS_ROOT}/Manifest.lock\" > /dev/null\nif [ $? != 0 ] ; then\n    # print error to STDERR\n    echo \"error: The sandbox is not in sync with the Podfile.lock. Run 'pod install' or update your CocoaPods installation.\" >&2\n    exit 1\nfi\n";
			showEnvVarsInLog = 0;
		};
		3B25E9C9812EF29AA6FBF75B /* [CP] Embed Pods Frameworks */ = {
			isa = PBXShellScriptBuildPhase;
			buildActionMask = 2147483647;
			files = (
			);
			inputPaths = (
			);
			name = "[CP] Embed Pods Frameworks";
			outputPaths = (
			);
			runOnlyForDeploymentPostprocessing = 0;
			shellPath = /bin/sh;
			shellScript = "\"${SRCROOT}/Pods/Target Support Files/Pods-Tap-Map/Pods-Tap-Map-frameworks.sh\"\n";
			showEnvVarsInLog = 0;
		};
/* End PBXShellScriptBuildPhase section */

/* Begin PBXSourcesBuildPhase section */
		CCBB0C101F8CB38000C51F9A /* Sources */ = {
			isa = PBXSourcesBuildPhase;
			buildActionMask = 2147483647;
			files = (
				CC614FDA1F8F63C7003E6326 /* PhotoCell.swift in Sources */,
				CCBB0C1A1F8CB38000C51F9A /* MapVC.swift in Sources */,
				CCD7A5341F8E524D0011FD75 /* DroppablePin.swift in Sources */,
				CCBB0C181F8CB38000C51F9A /* AppDelegate.swift in Sources */,
			);
			runOnlyForDeploymentPostprocessing = 0;
		};
/* End PBXSourcesBuildPhase section */

/* Begin PBXVariantGroup section */
		CCBB0C1B1F8CB38000C51F9A /* Main.storyboard */ = {
			isa = PBXVariantGroup;
			children = (
				CCBB0C1C1F8CB38000C51F9A /* Base */,
			);
			name = Main.storyboard;
			sourceTree = "<group>";
		};
		CCBB0C201F8CB38000C51F9A /* LaunchScreen.storyboard */ = {
			isa = PBXVariantGroup;
			children = (
				CCBB0C211F8CB38000C51F9A /* Base */,
			);
			name = LaunchScreen.storyboard;
			sourceTree = "<group>";
		};
/* End PBXVariantGroup section */

/* Begin XCBuildConfiguration section */
		CCBB0C241F8CB38000C51F9A /* Debug */ = {
			isa = XCBuildConfiguration;
			buildSettings = {
				ALWAYS_SEARCH_USER_PATHS = NO;
				CLANG_ANALYZER_NONNULL = YES;
				CLANG_ANALYZER_NUMBER_OBJECT_CONVERSION = YES_AGGRESSIVE;
				CLANG_CXX_LANGUAGE_STANDARD = "gnu++14";
				CLANG_CXX_LIBRARY = "libc++";
				CLANG_ENABLE_MODULES = YES;
				CLANG_ENABLE_OBJC_ARC = YES;
				CLANG_WARN_BLOCK_CAPTURE_AUTORELEASING = YES;
				CLANG_WARN_BOOL_CONVERSION = YES;
				CLANG_WARN_COMMA = YES;
				CLANG_WARN_CONSTANT_CONVERSION = YES;
				CLANG_WARN_DIRECT_OBJC_ISA_USAGE = YES_ERROR;
				CLANG_WARN_DOCUMENTATION_COMMENTS = YES;
				CLANG_WARN_EMPTY_BODY = YES;
				CLANG_WARN_ENUM_CONVERSION = YES;
				CLANG_WARN_INFINITE_RECURSION = YES;
				CLANG_WARN_INT_CONVERSION = YES;
				CLANG_WARN_NON_LITERAL_NULL_CONVERSION = YES;
				CLANG_WARN_OBJC_LITERAL_CONVERSION = YES;
				CLANG_WARN_OBJC_ROOT_CLASS = YES_ERROR;
				CLANG_WARN_RANGE_LOOP_ANALYSIS = YES;
				CLANG_WARN_STRICT_PROTOTYPES = YES;
				CLANG_WARN_SUSPICIOUS_MOVE = YES;
				CLANG_WARN_UNGUARDED_AVAILABILITY = YES_AGGRESSIVE;
				CLANG_WARN_UNREACHABLE_CODE = YES;
				CLANG_WARN__DUPLICATE_METHOD_MATCH = YES;
				CODE_SIGN_IDENTITY = "iPhone Developer";
				COPY_PHASE_STRIP = NO;
				DEBUG_INFORMATION_FORMAT = dwarf;
				ENABLE_STRICT_OBJC_MSGSEND = YES;
				ENABLE_TESTABILITY = YES;
				GCC_C_LANGUAGE_STANDARD = gnu11;
				GCC_DYNAMIC_NO_PIC = NO;
				GCC_NO_COMMON_BLOCKS = YES;
				GCC_OPTIMIZATION_LEVEL = 0;
				GCC_PREPROCESSOR_DEFINITIONS = (
					"DEBUG=1",
					"$(inherited)",
				);
				GCC_WARN_64_TO_32_BIT_CONVERSION = YES;
				GCC_WARN_ABOUT_RETURN_TYPE = YES_ERROR;
				GCC_WARN_UNDECLARED_SELECTOR = YES;
				GCC_WARN_UNINITIALIZED_AUTOS = YES_AGGRESSIVE;
				GCC_WARN_UNUSED_FUNCTION = YES;
				GCC_WARN_UNUSED_VARIABLE = YES;
				IPHONEOS_DEPLOYMENT_TARGET = 11.0;
				MTL_ENABLE_DEBUG_INFO = YES;
				ONLY_ACTIVE_ARCH = YES;
				SDKROOT = iphoneos;
				SWIFT_ACTIVE_COMPILATION_CONDITIONS = DEBUG;
				SWIFT_OPTIMIZATION_LEVEL = "-Onone";
			};
			name = Debug;
		};
		CCBB0C251F8CB38000C51F9A /* Release */ = {
			isa = XCBuildConfiguration;
			buildSettings = {
				ALWAYS_SEARCH_USER_PATHS = NO;
				CLANG_ANALYZER_NONNULL = YES;
				CLANG_ANALYZER_NUMBER_OBJECT_CONVERSION = YES_AGGRESSIVE;
				CLANG_CXX_LANGUAGE_STANDARD = "gnu++14";
				CLANG_CXX_LIBRARY = "libc++";
				CLANG_ENABLE_MODULES = YES;
				CLANG_ENABLE_OBJC_ARC = YES;
				CLANG_WARN_BLOCK_CAPTURE_AUTORELEASING = YES;
				CLANG_WARN_BOOL_CONVERSION = YES;
				CLANG_WARN_COMMA = YES;
				CLANG_WARN_CONSTANT_CONVERSION = YES;
				CLANG_WARN_DIRECT_OBJC_ISA_USAGE = YES_ERROR;
				CLANG_WARN_DOCUMENTATION_COMMENTS = YES;
				CLANG_WARN_EMPTY_BODY = YES;
				CLANG_WARN_ENUM_CONVERSION = YES;
				CLANG_WARN_INFINITE_RECURSION = YES;
				CLANG_WARN_INT_CONVERSION = YES;
				CLANG_WARN_NON_LITERAL_NULL_CONVERSION = YES;
				CLANG_WARN_OBJC_LITERAL_CONVERSION = YES;
				CLANG_WARN_OBJC_ROOT_CLASS = YES_ERROR;
				CLANG_WARN_RANGE_LOOP_ANALYSIS = YES;
				CLANG_WARN_STRICT_PROTOTYPES = YES;
				CLANG_WARN_SUSPICIOUS_MOVE = YES;
				CLANG_WARN_UNGUARDED_AVAILABILITY = YES_AGGRESSIVE;
				CLANG_WARN_UNREACHABLE_CODE = YES;
				CLANG_WARN__DUPLICATE_METHOD_MATCH = YES;
				CODE_SIGN_IDENTITY = "iPhone Developer";
				COPY_PHASE_STRIP = NO;
				DEBUG_INFORMATION_FORMAT = "dwarf-with-dsym";
				ENABLE_NS_ASSERTIONS = NO;
				ENABLE_STRICT_OBJC_MSGSEND = YES;
				GCC_C_LANGUAGE_STANDARD = gnu11;
				GCC_NO_COMMON_BLOCKS = YES;
				GCC_WARN_64_TO_32_BIT_CONVERSION = YES;
				GCC_WARN_ABOUT_RETURN_TYPE = YES_ERROR;
				GCC_WARN_UNDECLARED_SELECTOR = YES;
				GCC_WARN_UNINITIALIZED_AUTOS = YES_AGGRESSIVE;
				GCC_WARN_UNUSED_FUNCTION = YES;
				GCC_WARN_UNUSED_VARIABLE = YES;
				IPHONEOS_DEPLOYMENT_TARGET = 11.0;
				MTL_ENABLE_DEBUG_INFO = NO;
				SDKROOT = iphoneos;
				SWIFT_OPTIMIZATION_LEVEL = "-Owholemodule";
				VALIDATE_PRODUCT = YES;
			};
			name = Release;
		};
		CCBB0C271F8CB38000C51F9A /* Debug */ = {
			isa = XCBuildConfiguration;
			baseConfigurationReference = 7C593D7B1BBAE4AB61C05903 /* Pods-Tap-Map.debug.xcconfig */;
			buildSettings = {
				ASSETCATALOG_COMPILER_APPICON_NAME = AppIcon;
				CODE_SIGN_STYLE = Automatic;
				DEVELOPMENT_TEAM = E499WX8J48;
				INFOPLIST_FILE = "Tap-Map/Info.plist";
				IPHONEOS_DEPLOYMENT_TARGET = 11.0;
				LD_RUNPATH_SEARCH_PATHS = "$(inherited) @executable_path/Frameworks";
				PRODUCT_BUNDLE_IDENTIFIER = "ios.nomad.Tap-Map";
				PRODUCT_NAME = "$(TARGET_NAME)";
				SWIFT_VERSION = 4.0;
				TARGETED_DEVICE_FAMILY = "1,2";
			};
			name = Debug;
		};
		CCBB0C281F8CB38000C51F9A /* Release */ = {
			isa = XCBuildConfiguration;
			baseConfigurationReference = 26094F2E5707B2BC7A56531E /* Pods-Tap-Map.release.xcconfig */;
			buildSettings = {
				ASSETCATALOG_COMPILER_APPICON_NAME = AppIcon;
				CODE_SIGN_STYLE = Automatic;
				DEVELOPMENT_TEAM = E499WX8J48;
				INFOPLIST_FILE = "Tap-Map/Info.plist";
				IPHONEOS_DEPLOYMENT_TARGET = 11.0;
				LD_RUNPATH_SEARCH_PATHS = "$(inherited) @executable_path/Frameworks";
				PRODUCT_BUNDLE_IDENTIFIER = "ios.nomad.Tap-Map";
				PRODUCT_NAME = "$(TARGET_NAME)";
				SWIFT_VERSION = 4.0;
				TARGETED_DEVICE_FAMILY = "1,2";
			};
			name = Release;
		};
/* End XCBuildConfiguration section */

/* Begin XCConfigurationList section */
		CCBB0C0F1F8CB38000C51F9A /* Build configuration list for PBXProject "Tap-Map" */ = {
			isa = XCConfigurationList;
			buildConfigurations = (
				CCBB0C241F8CB38000C51F9A /* Debug */,
				CCBB0C251F8CB38000C51F9A /* Release */,
			);
			defaultConfigurationIsVisible = 0;
			defaultConfigurationName = Release;
		};
		CCBB0C261F8CB38000C51F9A /* Build configuration list for PBXNativeTarget "Tap-Map" */ = {
			isa = XCConfigurationList;
			buildConfigurations = (
				CCBB0C271F8CB38000C51F9A /* Debug */,
				CCBB0C281F8CB38000C51F9A /* Release */,
			);
			defaultConfigurationIsVisible = 0;
			defaultConfigurationName = Release;
		};
/* End XCConfigurationList section */
	};
	rootObject = CCBB0C0C1F8CB38000C51F9A /* Project object */;
}
